# This file is automatically @generated by Cargo.
# It is not intended for manual editing.
[[package]]
name = "rysk-core"
version = "0.0.3"
source = "registry+https://github.com/rust-lang/crates.io-index"
checksum = "a749f39f65590e6d4da63f05e3db3913e94a4f10fd9a6850803b90844e3590a8"

[[package]]
name = "vm"
version = "0.1.0"
dependencies = [
 "rysk-core",
]
